// !$*UTF8*$!
{
	archiveVersion = 1;
	classes = {
	};
	objectVersion = 55;
	objects = {

/* Begin PBXBuildFile section */
		B02F485B27FDD49200F23AD5 /* CFAlertVC.swift in Sources */ = {isa = PBXBuildFile; fileRef = B02F485A27FDD49200F23AD5 /* CFAlertVC.swift */; };
		B02F485D27FDD61B00F23AD5 /* CFButton.swift in Sources */ = {isa = PBXBuildFile; fileRef = B02F485C27FDD61B00F23AD5 /* CFButton.swift */; };
		B02F485F27FDD87200F23AD5 /* CFError.swift in Sources */ = {isa = PBXBuildFile; fileRef = B02F485E27FDD87200F23AD5 /* CFError.swift */; };
		B02F486127FDEBC100F23AD5 /* UIImageView.swift in Sources */ = {isa = PBXBuildFile; fileRef = B02F486027FDEBC100F23AD5 /* UIImageView.swift */; };
		B0429A2E27E4A0C90065E5E0 /* AppDelegate.swift in Sources */ = {isa = PBXBuildFile; fileRef = B0429A2D27E4A0C90065E5E0 /* AppDelegate.swift */; };
		B0429A3027E4A0C90065E5E0 /* SceneDelegate.swift in Sources */ = {isa = PBXBuildFile; fileRef = B0429A2F27E4A0C90065E5E0 /* SceneDelegate.swift */; };
		B0429A3727E4A0CA0065E5E0 /* Assets.xcassets in Resources */ = {isa = PBXBuildFile; fileRef = B0429A3627E4A0CA0065E5E0 /* Assets.xcassets */; };
		B0429A3A27E4A0CA0065E5E0 /* LaunchScreen.storyboard in Resources */ = {isa = PBXBuildFile; fileRef = B0429A3827E4A0CA0065E5E0 /* LaunchScreen.storyboard */; };
		B04F799827F8843700223172 /* MatchCell.swift in Sources */ = {isa = PBXBuildFile; fileRef = B04F799727F8843700223172 /* MatchCell.swift */; };
		B0513FD427EC9AD90084B913 /* NonceCrypto.swift in Sources */ = {isa = PBXBuildFile; fileRef = B0513FD327EC9AD90084B913 /* NonceCrypto.swift */; };
		B0513FD627ECCB3F0084B913 /* NSNotificationName.swift in Sources */ = {isa = PBXBuildFile; fileRef = B0513FD527ECCB3F0084B913 /* NSNotificationName.swift */; };
		B0708D0227E77BB600911389 /* OnboardingVC.swift in Sources */ = {isa = PBXBuildFile; fileRef = B0708D0127E77BB600911389 /* OnboardingVC.swift */; };
		B0708D0427E77CD300911389 /* OnboardingContainerVC.swift in Sources */ = {isa = PBXBuildFile; fileRef = B0708D0327E77CD300911389 /* OnboardingContainerVC.swift */; };
		B07CEF8527FC8C5C00B06E0F /* NetwokManager.swift in Sources */ = {isa = PBXBuildFile; fileRef = B07CEF8427FC8C5C00B06E0F /* NetwokManager.swift */; };
		B086CF3227E86E8C00E778FB /* LocalState.swift in Sources */ = {isa = PBXBuildFile; fileRef = B086CF3127E86E8C00E778FB /* LocalState.swift */; };
		B086CF3427E8BEE700E778FB /* LoginView.swift in Sources */ = {isa = PBXBuildFile; fileRef = B086CF3327E8BEE700E778FB /* LoginView.swift */; };
		B086CF3827E8BF7000E778FB /* UITextField+SecureToggle.swift in Sources */ = {isa = PBXBuildFile; fileRef = B086CF3727E8BF7000E778FB /* UITextField+SecureToggle.swift */; };
		B086CF3D27E8FDDB00E778FB /* GoogleService-Info.plist in Resources */ = {isa = PBXBuildFile; fileRef = B086CF3C27E8FDDB00E778FB /* GoogleService-Info.plist */; };
		B08B924727E728D400DA6C74 /* LoginVC.swift in Sources */ = {isa = PBXBuildFile; fileRef = B08B924627E728D400DA6C74 /* LoginVC.swift */; };
		B08B924A27E7291900DA6C74 /* HomeVC.swift in Sources */ = {isa = PBXBuildFile; fileRef = B08B924927E7291900DA6C74 /* HomeVC.swift */; };
		B0AF2D7827FB7B6A004AA990 /* UIView+.swift in Sources */ = {isa = PBXBuildFile; fileRef = B0AF2D7727FB7B6A004AA990 /* UIView+.swift */; };
		B0B19B1727FC832C00939B94 /* Match.swift in Sources */ = {isa = PBXBuildFile; fileRef = B0B19B1627FC832B00939B94 /* Match.swift */; };
		B0F2C4CD27F7093D00E39E0C /* MatchListVC.swift in Sources */ = {isa = PBXBuildFile; fileRef = B0F2C4CC27F7093D00E39E0C /* MatchListVC.swift */; };
		B0F2C4D027F7099200E39E0C /* PlayerVC.swift in Sources */ = {isa = PBXBuildFile; fileRef = B0F2C4CF27F7099200E39E0C /* PlayerVC.swift */; };
		B0F2C4D227F70BF300E39E0C /* UIViewController+.swift in Sources */ = {isa = PBXBuildFile; fileRef = B0F2C4D127F70BF300E39E0C /* UIViewController+.swift */; };
		D3355828268BD4CB98B98995 /* Pods_CFL_Viewer.framework in Frameworks */ = {isa = PBXBuildFile; fileRef = 93C3289F1A15354DDE34C0C2 /* Pods_CFL_Viewer.framework */; };
/* End PBXBuildFile section */

/* Begin PBXFileReference section */
		65E4DE75FE5F6F0407D58F59 /* Pods-CFL Viewer.release.xcconfig */ = {isa = PBXFileReference; includeInIndex = 1; lastKnownFileType = text.xcconfig; name = "Pods-CFL Viewer.release.xcconfig"; path = "Target Support Files/Pods-CFL Viewer/Pods-CFL Viewer.release.xcconfig"; sourceTree = "<group>"; };
		8C29A57909D7F1561582B761 /* Pods-CFL Viewer.debug.xcconfig */ = {isa = PBXFileReference; includeInIndex = 1; lastKnownFileType = text.xcconfig; name = "Pods-CFL Viewer.debug.xcconfig"; path = "Target Support Files/Pods-CFL Viewer/Pods-CFL Viewer.debug.xcconfig"; sourceTree = "<group>"; };
		93C3289F1A15354DDE34C0C2 /* Pods_CFL_Viewer.framework */ = {isa = PBXFileReference; explicitFileType = wrapper.framework; includeInIndex = 0; path = Pods_CFL_Viewer.framework; sourceTree = BUILT_PRODUCTS_DIR; };
		B02F485A27FDD49200F23AD5 /* CFAlertVC.swift */ = {isa = PBXFileReference; lastKnownFileType = sourcecode.swift; path = CFAlertVC.swift; sourceTree = "<group>"; };
		B02F485C27FDD61B00F23AD5 /* CFButton.swift */ = {isa = PBXFileReference; lastKnownFileType = sourcecode.swift; path = CFButton.swift; sourceTree = "<group>"; };
		B02F485E27FDD87200F23AD5 /* CFError.swift */ = {isa = PBXFileReference; lastKnownFileType = sourcecode.swift; path = CFError.swift; sourceTree = "<group>"; };
		B02F486027FDEBC100F23AD5 /* UIImageView.swift */ = {isa = PBXFileReference; lastKnownFileType = sourcecode.swift; path = UIImageView.swift; sourceTree = "<group>"; };
		B0429A2A27E4A0C90065E5E0 /* CFL Viewer.app */ = {isa = PBXFileReference; explicitFileType = wrapper.application; includeInIndex = 0; path = "CFL Viewer.app"; sourceTree = BUILT_PRODUCTS_DIR; };
		B0429A2D27E4A0C90065E5E0 /* AppDelegate.swift */ = {isa = PBXFileReference; lastKnownFileType = sourcecode.swift; path = AppDelegate.swift; sourceTree = "<group>"; };
		B0429A2F27E4A0C90065E5E0 /* SceneDelegate.swift */ = {isa = PBXFileReference; lastKnownFileType = sourcecode.swift; path = SceneDelegate.swift; sourceTree = "<group>"; };
		B0429A3627E4A0CA0065E5E0 /* Assets.xcassets */ = {isa = PBXFileReference; lastKnownFileType = folder.assetcatalog; path = Assets.xcassets; sourceTree = "<group>"; };
		B0429A3927E4A0CA0065E5E0 /* Base */ = {isa = PBXFileReference; lastKnownFileType = file.storyboard; name = Base; path = Base.lproj/LaunchScreen.storyboard; sourceTree = "<group>"; };
		B0429A3B27E4A0CA0065E5E0 /* Info.plist */ = {isa = PBXFileReference; lastKnownFileType = text.plist.xml; path = Info.plist; sourceTree = "<group>"; };
		B04BCF5527EB60C500D4D1FF /* CFL Viewer.entitlements */ = {isa = PBXFileReference; lastKnownFileType = text.plist.entitlements; path = "CFL Viewer.entitlements"; sourceTree = "<group>"; };
		B04F799727F8843700223172 /* MatchCell.swift */ = {isa = PBXFileReference; lastKnownFileType = sourcecode.swift; path = MatchCell.swift; sourceTree = "<group>"; };
		B0513FD327EC9AD90084B913 /* NonceCrypto.swift */ = {isa = PBXFileReference; lastKnownFileType = sourcecode.swift; path = NonceCrypto.swift; sourceTree = "<group>"; };
		B0513FD527ECCB3F0084B913 /* NSNotificationName.swift */ = {isa = PBXFileReference; lastKnownFileType = sourcecode.swift; path = NSNotificationName.swift; sourceTree = "<group>"; };
		B0708D0127E77BB600911389 /* OnboardingVC.swift */ = {isa = PBXFileReference; lastKnownFileType = sourcecode.swift; path = OnboardingVC.swift; sourceTree = "<group>"; };
		B0708D0327E77CD300911389 /* OnboardingContainerVC.swift */ = {isa = PBXFileReference; lastKnownFileType = sourcecode.swift; path = OnboardingContainerVC.swift; sourceTree = "<group>"; };
		B07CEF8427FC8C5C00B06E0F /* NetwokManager.swift */ = {isa = PBXFileReference; lastKnownFileType = sourcecode.swift; path = NetwokManager.swift; sourceTree = "<group>"; };
		B086CF3127E86E8C00E778FB /* LocalState.swift */ = {isa = PBXFileReference; lastKnownFileType = sourcecode.swift; path = LocalState.swift; sourceTree = "<group>"; };
		B086CF3327E8BEE700E778FB /* LoginView.swift */ = {isa = PBXFileReference; lastKnownFileType = sourcecode.swift; path = LoginView.swift; sourceTree = "<group>"; };
		B086CF3727E8BF7000E778FB /* UITextField+SecureToggle.swift */ = {isa = PBXFileReference; lastKnownFileType = sourcecode.swift; path = "UITextField+SecureToggle.swift"; sourceTree = "<group>"; };
		B086CF3C27E8FDDB00E778FB /* GoogleService-Info.plist */ = {isa = PBXFileReference; fileEncoding = 4; lastKnownFileType = text.plist.xml; path = "GoogleService-Info.plist"; sourceTree = "<group>"; };
		B08B924627E728D400DA6C74 /* LoginVC.swift */ = {isa = PBXFileReference; lastKnownFileType = sourcecode.swift; path = LoginVC.swift; sourceTree = "<group>"; };
		B08B924927E7291900DA6C74 /* HomeVC.swift */ = {isa = PBXFileReference; lastKnownFileType = sourcecode.swift; path = HomeVC.swift; sourceTree = "<group>"; };
		B0AF2D7727FB7B6A004AA990 /* UIView+.swift */ = {isa = PBXFileReference; lastKnownFileType = sourcecode.swift; path = "UIView+.swift"; sourceTree = "<group>"; };
		B0B19B1627FC832B00939B94 /* Match.swift */ = {isa = PBXFileReference; lastKnownFileType = sourcecode.swift; path = Match.swift; sourceTree = "<group>"; };
		B0F2C4CC27F7093D00E39E0C /* MatchListVC.swift */ = {isa = PBXFileReference; lastKnownFileType = sourcecode.swift; path = MatchListVC.swift; sourceTree = "<group>"; };
		B0F2C4CF27F7099200E39E0C /* PlayerVC.swift */ = {isa = PBXFileReference; lastKnownFileType = sourcecode.swift; path = PlayerVC.swift; sourceTree = "<group>"; };
		B0F2C4D127F70BF300E39E0C /* UIViewController+.swift */ = {isa = PBXFileReference; lastKnownFileType = sourcecode.swift; path = "UIViewController+.swift"; sourceTree = "<group>"; };
/* End PBXFileReference section */

/* Begin PBXFrameworksBuildPhase section */
		B0429A2727E4A0C90065E5E0 /* Frameworks */ = {
			isa = PBXFrameworksBuildPhase;
			buildActionMask = 2147483647;
			files = (
				D3355828268BD4CB98B98995 /* Pods_CFL_Viewer.framework in Frameworks */,
			);
			runOnlyForDeploymentPostprocessing = 0;
		};
/* End PBXFrameworksBuildPhase section */

/* Begin PBXGroup section */
		137F24E98F39F5709F1DC7B3 /* Frameworks */ = {
			isa = PBXGroup;
			children = (
				93C3289F1A15354DDE34C0C2 /* Pods_CFL_Viewer.framework */,
			);
			name = Frameworks;
			sourceTree = "<group>";
		};
		B0212EF427EC87F8000766E0 /* Managers */ = {
			isa = PBXGroup;
			children = (
				B07CEF8427FC8C5C00B06E0F /* NetwokManager.swift */,
			);
			path = Managers;
			sourceTree = "<group>";
		};
		B02F485927FDD44A00F23AD5 /* Helper */ = {
			isa = PBXGroup;
			children = (
				B02F485A27FDD49200F23AD5 /* CFAlertVC.swift */,
				B02F485C27FDD61B00F23AD5 /* CFButton.swift */,
				B02F485E27FDD87200F23AD5 /* CFError.swift */,
			);
			path = Helper;
			sourceTree = "<group>";
		};
		B0429A2127E4A0C90065E5E0 = {
			isa = PBXGroup;
			children = (
				B0429A2C27E4A0C90065E5E0 /* CFL Viewer */,
				B0429A2B27E4A0C90065E5E0 /* Products */,
				CFC20CC6591F54A93F8B3684 /* Pods */,
				137F24E98F39F5709F1DC7B3 /* Frameworks */,
			);
			sourceTree = "<group>";
		};
		B0429A2B27E4A0C90065E5E0 /* Products */ = {
			isa = PBXGroup;
			children = (
				B0429A2A27E4A0C90065E5E0 /* CFL Viewer.app */,
			);
			name = Products;
			sourceTree = "<group>";
		};
		B0429A2C27E4A0C90065E5E0 /* CFL Viewer */ = {
			isa = PBXGroup;
			children = (
				B04BCF5527EB60C500D4D1FF /* CFL Viewer.entitlements */,
				B08B924227E4B9A100DA6C74 /* Support */,
				B086CF3627E8BF3800E778FB /* Extansions */,
				B086CF3027E86E7A00E778FB /* Utilities */,
				B0212EF427EC87F8000766E0 /* Managers */,
				B08B924327E4D22700DA6C74 /* Modules */,
				B02F485927FDD44A00F23AD5 /* Helper */,
				B0429A3B27E4A0CA0065E5E0 /* Info.plist */,
				B086CF3C27E8FDDB00E778FB /* GoogleService-Info.plist */,
			);
			path = "CFL Viewer";
			sourceTree = "<group>";
		};
		B04F799627F882AE00223172 /* Cells */ = {
			isa = PBXGroup;
			children = (
				B04F799727F8843700223172 /* MatchCell.swift */,
			);
			path = Cells;
			sourceTree = "<group>";
		};
		B086CF3027E86E7A00E778FB /* Utilities */ = {
			isa = PBXGroup;
			children = (
				B086CF3127E86E8C00E778FB /* LocalState.swift */,
				B0513FD327EC9AD90084B913 /* NonceCrypto.swift */,
				B0513FD527ECCB3F0084B913 /* NSNotificationName.swift */,
			);
			path = Utilities;
			sourceTree = "<group>";
		};
		B086CF3627E8BF3800E778FB /* Extansions */ = {
			isa = PBXGroup;
			children = (
				B086CF3727E8BF7000E778FB /* UITextField+SecureToggle.swift */,
				B0F2C4D127F70BF300E39E0C /* UIViewController+.swift */,
				B0AF2D7727FB7B6A004AA990 /* UIView+.swift */,
				B02F486027FDEBC100F23AD5 /* UIImageView.swift */,
			);
			path = Extansions;
			sourceTree = "<group>";
		};
		B08B924227E4B9A100DA6C74 /* Support */ = {
			isa = PBXGroup;
			children = (
				B0429A3627E4A0CA0065E5E0 /* Assets.xcassets */,
				B0429A3827E4A0CA0065E5E0 /* LaunchScreen.storyboard */,
				B0429A2D27E4A0C90065E5E0 /* AppDelegate.swift */,
				B0429A2F27E4A0C90065E5E0 /* SceneDelegate.swift */,
			);
			path = Support;
			sourceTree = "<group>";
		};
		B08B924327E4D22700DA6C74 /* Modules */ = {
			isa = PBXGroup;
			children = (
				B08B924427E657D300DA6C74 /* Onboarding */,
				B08B924527E657FC00DA6C74 /* Login */,
				B08B924827E728F500DA6C74 /* Home */,
				B0F2C4CB27F7090500E39E0C /* Matches  */,
				B0F2C4CE27F7095B00E39E0C /* Players */,
			);
			path = Modules;
			sourceTree = "<group>";
		};
		B08B924427E657D300DA6C74 /* Onboarding */ = {
			isa = PBXGroup;
			children = (
				B0708D0327E77CD300911389 /* OnboardingContainerVC.swift */,
				B0708D0127E77BB600911389 /* OnboardingVC.swift */,
			);
			path = Onboarding;
			sourceTree = "<group>";
		};
		B08B924527E657FC00DA6C74 /* Login */ = {
			isa = PBXGroup;
			children = (
				B08B924627E728D400DA6C74 /* LoginVC.swift */,
				B086CF3327E8BEE700E778FB /* LoginView.swift */,
			);
			path = Login;
			sourceTree = "<group>";
		};
		B08B924827E728F500DA6C74 /* Home */ = {
			isa = PBXGroup;
			children = (
				B08B924927E7291900DA6C74 /* HomeVC.swift */,
			);
			path = Home;
			sourceTree = "<group>";
		};
		B0B19B1527FC7E9300939B94 /* Models */ = {
			isa = PBXGroup;
			children = (
				B0B19B1627FC832B00939B94 /* Match.swift */,
			);
			path = Models;
			sourceTree = "<group>";
		};
		B0F2C4CB27F7090500E39E0C /* Matches  */ = {
			isa = PBXGroup;
			children = (
				B0B19B1527FC7E9300939B94 /* Models */,
				B04F799627F882AE00223172 /* Cells */,
				B0F2C4CC27F7093D00E39E0C /* MatchListVC.swift */,
			);
			path = "Matches ";
			sourceTree = "<group>";
		};
		B0F2C4CE27F7095B00E39E0C /* Players */ = {
			isa = PBXGroup;
			children = (
				B0F2C4CF27F7099200E39E0C /* PlayerVC.swift */,
			);
			path = Players;
			sourceTree = "<group>";
		};
		CFC20CC6591F54A93F8B3684 /* Pods */ = {
			isa = PBXGroup;
			children = (
				8C29A57909D7F1561582B761 /* Pods-CFL Viewer.debug.xcconfig */,
				65E4DE75FE5F6F0407D58F59 /* Pods-CFL Viewer.release.xcconfig */,
			);
			path = Pods;
			sourceTree = "<group>";
		};
/* End PBXGroup section */

/* Begin PBXNativeTarget section */
		B0429A2927E4A0C90065E5E0 /* CFL Viewer */ = {
			isa = PBXNativeTarget;
			buildConfigurationList = B0429A3E27E4A0CA0065E5E0 /* Build configuration list for PBXNativeTarget "CFL Viewer" */;
			buildPhases = (
				9B6EAE0E4B004EADE9C93939 /* [CP] Check Pods Manifest.lock */,
				B0429A2627E4A0C90065E5E0 /* Sources */,
				B0429A2727E4A0C90065E5E0 /* Frameworks */,
				B0429A2827E4A0C90065E5E0 /* Resources */,
				1F6B18272D6FF2021AE41569 /* [CP] Embed Pods Frameworks */,
			);
			buildRules = (
			);
			dependencies = (
			);
			name = "CFL Viewer";
			productName = "CFL Viewer";
			productReference = B0429A2A27E4A0C90065E5E0 /* CFL Viewer.app */;
			productType = "com.apple.product-type.application";
		};
/* End PBXNativeTarget section */

/* Begin PBXProject section */
		B0429A2227E4A0C90065E5E0 /* Project object */ = {
			isa = PBXProject;
			attributes = {
				BuildIndependentTargetsInParallel = 1;
				LastSwiftUpdateCheck = 1310;
				LastUpgradeCheck = 1310;
				TargetAttributes = {
					B0429A2927E4A0C90065E5E0 = {
						CreatedOnToolsVersion = 13.1;
					};
				};
			};
			buildConfigurationList = B0429A2527E4A0C90065E5E0 /* Build configuration list for PBXProject "CFL Viewer" */;
			compatibilityVersion = "Xcode 13.0";
			developmentRegion = en;
			hasScannedForEncodings = 0;
			knownRegions = (
				en,
				Base,
			);
			mainGroup = B0429A2127E4A0C90065E5E0;
			productRefGroup = B0429A2B27E4A0C90065E5E0 /* Products */;
			projectDirPath = "";
			projectRoot = "";
			targets = (
				B0429A2927E4A0C90065E5E0 /* CFL Viewer */,
			);
		};
/* End PBXProject section */

/* Begin PBXResourcesBuildPhase section */
		B0429A2827E4A0C90065E5E0 /* Resources */ = {
			isa = PBXResourcesBuildPhase;
			buildActionMask = 2147483647;
			files = (
				B0429A3A27E4A0CA0065E5E0 /* LaunchScreen.storyboard in Resources */,
				B0429A3727E4A0CA0065E5E0 /* Assets.xcassets in Resources */,
				B086CF3D27E8FDDB00E778FB /* GoogleService-Info.plist in Resources */,
			);
			runOnlyForDeploymentPostprocessing = 0;
		};
/* End PBXResourcesBuildPhase section */

/* Begin PBXShellScriptBuildPhase section */
		1F6B18272D6FF2021AE41569 /* [CP] Embed Pods Frameworks */ = {
			isa = PBXShellScriptBuildPhase;
			buildActionMask = 2147483647;
			files = (
			);
			inputFileListPaths = (
				"${PODS_ROOT}/Target Support Files/Pods-CFL Viewer/Pods-CFL Viewer-frameworks-${CONFIGURATION}-input-files.xcfilelist",
			);
			name = "[CP] Embed Pods Frameworks";
			outputFileListPaths = (
				"${PODS_ROOT}/Target Support Files/Pods-CFL Viewer/Pods-CFL Viewer-frameworks-${CONFIGURATION}-output-files.xcfilelist",
			);
			runOnlyForDeploymentPostprocessing = 0;
			shellPath = /bin/sh;
			shellScript = "\"${PODS_ROOT}/Target Support Files/Pods-CFL Viewer/Pods-CFL Viewer-frameworks.sh\"\n";
			showEnvVarsInLog = 0;
		};
		9B6EAE0E4B004EADE9C93939 /* [CP] Check Pods Manifest.lock */ = {
			isa = PBXShellScriptBuildPhase;
			buildActionMask = 2147483647;
			files = (
			);
			inputFileListPaths = (
			);
			inputPaths = (
				"${PODS_PODFILE_DIR_PATH}/Podfile.lock",
				"${PODS_ROOT}/Manifest.lock",
			);
			name = "[CP] Check Pods Manifest.lock";
			outputFileListPaths = (
			);
			outputPaths = (
				"$(DERIVED_FILE_DIR)/Pods-CFL Viewer-checkManifestLockResult.txt",
			);
			runOnlyForDeploymentPostprocessing = 0;
			shellPath = /bin/sh;
			shellScript = "diff \"${PODS_PODFILE_DIR_PATH}/Podfile.lock\" \"${PODS_ROOT}/Manifest.lock\" > /dev/null\nif [ $? != 0 ] ; then\n    # print error to STDERR\n    echo \"error: The sandbox is not in sync with the Podfile.lock. Run 'pod install' or update your CocoaPods installation.\" >&2\n    exit 1\nfi\n# This output is used by Xcode 'outputs' to avoid re-running this script phase.\necho \"SUCCESS\" > \"${SCRIPT_OUTPUT_FILE_0}\"\n";
			showEnvVarsInLog = 0;
		};
/* End PBXShellScriptBuildPhase section */

/* Begin PBXSourcesBuildPhase section */
		B0429A2627E4A0C90065E5E0 /* Sources */ = {
			isa = PBXSourcesBuildPhase;
			buildActionMask = 2147483647;
			files = (
				B04F799827F8843700223172 /* MatchCell.swift in Sources */,
				B07CEF8527FC8C5C00B06E0F /* NetwokManager.swift in Sources */,
				B02F485D27FDD61B00F23AD5 /* CFButton.swift in Sources */,
				B0F2C4D227F70BF300E39E0C /* UIViewController+.swift in Sources */,
				B0B19B1727FC832C00939B94 /* Match.swift in Sources */,
				B02F485F27FDD87200F23AD5 /* CFError.swift in Sources */,
				B02F486127FDEBC100F23AD5 /* UIImageView.swift in Sources */,
				B08B924A27E7291900DA6C74 /* HomeVC.swift in Sources */,
				B086CF3227E86E8C00E778FB /* LocalState.swift in Sources */,
				B0F2C4CD27F7093D00E39E0C /* MatchListVC.swift in Sources */,
				B0708D0427E77CD300911389 /* OnboardingContainerVC.swift in Sources */,
				B02F485B27FDD49200F23AD5 /* CFAlertVC.swift in Sources */,
				B0429A2E27E4A0C90065E5E0 /* AppDelegate.swift in Sources */,
				B0F2C4D027F7099200E39E0C /* PlayerVC.swift in Sources */,
				B0708D0227E77BB600911389 /* OnboardingVC.swift in Sources */,
				B08B924727E728D400DA6C74 /* LoginVC.swift in Sources */,
				B086CF3427E8BEE700E778FB /* LoginView.swift in Sources */,
				B0513FD427EC9AD90084B913 /* NonceCrypto.swift in Sources */,
				B0AF2D7827FB7B6A004AA990 /* UIView+.swift in Sources */,
				B0429A3027E4A0C90065E5E0 /* SceneDelegate.swift in Sources */,
				B0513FD627ECCB3F0084B913 /* NSNotificationName.swift in Sources */,
				B086CF3827E8BF7000E778FB /* UITextField+SecureToggle.swift in Sources */,
			);
			runOnlyForDeploymentPostprocessing = 0;
		};
/* End PBXSourcesBuildPhase section */

/* Begin PBXVariantGroup section */
		B0429A3827E4A0CA0065E5E0 /* LaunchScreen.storyboard */ = {
			isa = PBXVariantGroup;
			children = (
				B0429A3927E4A0CA0065E5E0 /* Base */,
			);
			name = LaunchScreen.storyboard;
			sourceTree = "<group>";
		};
/* End PBXVariantGroup section */

/* Begin XCBuildConfiguration section */
		B0429A3C27E4A0CA0065E5E0 /* Debug */ = {
			isa = XCBuildConfiguration;
			buildSettings = {
				ALWAYS_SEARCH_USER_PATHS = NO;
				CLANG_ANALYZER_NONNULL = YES;
				CLANG_ANALYZER_NUMBER_OBJECT_CONVERSION = YES_AGGRESSIVE;
				CLANG_CXX_LANGUAGE_STANDARD = "gnu++17";
				CLANG_CXX_LIBRARY = "libc++";
				CLANG_ENABLE_MODULES = YES;
				CLANG_ENABLE_OBJC_ARC = YES;
				CLANG_ENABLE_OBJC_WEAK = YES;
				CLANG_WARN_BLOCK_CAPTURE_AUTORELEASING = YES;
				CLANG_WARN_BOOL_CONVERSION = YES;
				CLANG_WARN_COMMA = YES;
				CLANG_WARN_CONSTANT_CONVERSION = YES;
				CLANG_WARN_DEPRECATED_OBJC_IMPLEMENTATIONS = YES;
				CLANG_WARN_DIRECT_OBJC_ISA_USAGE = YES_ERROR;
				CLANG_WARN_DOCUMENTATION_COMMENTS = YES;
				CLANG_WARN_EMPTY_BODY = YES;
				CLANG_WARN_ENUM_CONVERSION = YES;
				CLANG_WARN_INFINITE_RECURSION = YES;
				CLANG_WARN_INT_CONVERSION = YES;
				CLANG_WARN_NON_LITERAL_NULL_CONVERSION = YES;
				CLANG_WARN_OBJC_IMPLICIT_RETAIN_SELF = YES;
				CLANG_WARN_OBJC_LITERAL_CONVERSION = YES;
				CLANG_WARN_OBJC_ROOT_CLASS = YES_ERROR;
				CLANG_WARN_QUOTED_INCLUDE_IN_FRAMEWORK_HEADER = YES;
				CLANG_WARN_RANGE_LOOP_ANALYSIS = YES;
				CLANG_WARN_STRICT_PROTOTYPES = YES;
				CLANG_WARN_SUSPICIOUS_MOVE = YES;
				CLANG_WARN_UNGUARDED_AVAILABILITY = YES_AGGRESSIVE;
				CLANG_WARN_UNREACHABLE_CODE = YES;
				CLANG_WARN__DUPLICATE_METHOD_MATCH = YES;
				COPY_PHASE_STRIP = NO;
				DEBUG_INFORMATION_FORMAT = dwarf;
				ENABLE_STRICT_OBJC_MSGSEND = YES;
				ENABLE_TESTABILITY = YES;
				GCC_C_LANGUAGE_STANDARD = gnu11;
				GCC_DYNAMIC_NO_PIC = NO;
				GCC_NO_COMMON_BLOCKS = YES;
				GCC_OPTIMIZATION_LEVEL = 0;
				GCC_PREPROCESSOR_DEFINITIONS = (
					"DEBUG=1",
					"$(inherited)",
				);
				GCC_WARN_64_TO_32_BIT_CONVERSION = YES;
				GCC_WARN_ABOUT_RETURN_TYPE = YES_ERROR;
				GCC_WARN_UNDECLARED_SELECTOR = YES;
				GCC_WARN_UNINITIALIZED_AUTOS = YES_AGGRESSIVE;
				GCC_WARN_UNUSED_FUNCTION = YES;
				GCC_WARN_UNUSED_VARIABLE = YES;
				IPHONEOS_DEPLOYMENT_TARGET = 15.0;
				MTL_ENABLE_DEBUG_INFO = INCLUDE_SOURCE;
				MTL_FAST_MATH = YES;
				ONLY_ACTIVE_ARCH = YES;
				SDKROOT = iphoneos;
				SWIFT_ACTIVE_COMPILATION_CONDITIONS = DEBUG;
				SWIFT_OPTIMIZATION_LEVEL = "-Onone";
			};
			name = Debug;
		};
		B0429A3D27E4A0CA0065E5E0 /* Release */ = {
			isa = XCBuildConfiguration;
			buildSettings = {
				ALWAYS_SEARCH_USER_PATHS = NO;
				CLANG_ANALYZER_NONNULL = YES;
				CLANG_ANALYZER_NUMBER_OBJECT_CONVERSION = YES_AGGRESSIVE;
				CLANG_CXX_LANGUAGE_STANDARD = "gnu++17";
				CLANG_CXX_LIBRARY = "libc++";
				CLANG_ENABLE_MODULES = YES;
				CLANG_ENABLE_OBJC_ARC = YES;
				CLANG_ENABLE_OBJC_WEAK = YES;
				CLANG_WARN_BLOCK_CAPTURE_AUTORELEASING = YES;
				CLANG_WARN_BOOL_CONVERSION = YES;
				CLANG_WARN_COMMA = YES;
				CLANG_WARN_CONSTANT_CONVERSION = YES;
				CLANG_WARN_DEPRECATED_OBJC_IMPLEMENTATIONS = YES;
				CLANG_WARN_DIRECT_OBJC_ISA_USAGE = YES_ERROR;
				CLANG_WARN_DOCUMENTATION_COMMENTS = YES;
				CLANG_WARN_EMPTY_BODY = YES;
				CLANG_WARN_ENUM_CONVERSION = YES;
				CLANG_WARN_INFINITE_RECURSION = YES;
				CLANG_WARN_INT_CONVERSION = YES;
				CLANG_WARN_NON_LITERAL_NULL_CONVERSION = YES;
				CLANG_WARN_OBJC_IMPLICIT_RETAIN_SELF = YES;
				CLANG_WARN_OBJC_LITERAL_CONVERSION = YES;
				CLANG_WARN_OBJC_ROOT_CLASS = YES_ERROR;
				CLANG_WARN_QUOTED_INCLUDE_IN_FRAMEWORK_HEADER = YES;
				CLANG_WARN_RANGE_LOOP_ANALYSIS = YES;
				CLANG_WARN_STRICT_PROTOTYPES = YES;
				CLANG_WARN_SUSPICIOUS_MOVE = YES;
				CLANG_WARN_UNGUARDED_AVAILABILITY = YES_AGGRESSIVE;
				CLANG_WARN_UNREACHABLE_CODE = YES;
				CLANG_WARN__DUPLICATE_METHOD_MATCH = YES;
				COPY_PHASE_STRIP = NO;
				DEBUG_INFORMATION_FORMAT = "dwarf-with-dsym";
				ENABLE_NS_ASSERTIONS = NO;
				ENABLE_STRICT_OBJC_MSGSEND = YES;
				GCC_C_LANGUAGE_STANDARD = gnu11;
				GCC_NO_COMMON_BLOCKS = YES;
				GCC_WARN_64_TO_32_BIT_CONVERSION = YES;
				GCC_WARN_ABOUT_RETURN_TYPE = YES_ERROR;
				GCC_WARN_UNDECLARED_SELECTOR = YES;
				GCC_WARN_UNINITIALIZED_AUTOS = YES_AGGRESSIVE;
				GCC_WARN_UNUSED_FUNCTION = YES;
				GCC_WARN_UNUSED_VARIABLE = YES;
				IPHONEOS_DEPLOYMENT_TARGET = 15.0;
				MTL_ENABLE_DEBUG_INFO = NO;
				MTL_FAST_MATH = YES;
				SDKROOT = iphoneos;
				SWIFT_COMPILATION_MODE = wholemodule;
				SWIFT_OPTIMIZATION_LEVEL = "-O";
				VALIDATE_PRODUCT = YES;
			};
			name = Release;
		};
		B0429A3F27E4A0CA0065E5E0 /* Debug */ = {
			isa = XCBuildConfiguration;
			baseConfigurationReference = 8C29A57909D7F1561582B761 /* Pods-CFL Viewer.debug.xcconfig */;
			buildSettings = {
				ASSETCATALOG_COMPILER_APPICON_NAME = AppIcon;
				ASSETCATALOG_COMPILER_GLOBAL_ACCENT_COLOR_NAME = AccentColor;
				CODE_SIGN_ENTITLEMENTS = "CFL Viewer/CFL Viewer.entitlements";
				CODE_SIGN_STYLE = Automatic;
				CURRENT_PROJECT_VERSION = 1;
				DEVELOPMENT_TEAM = "";
				GENERATE_INFOPLIST_FILE = YES;
				INFOPLIST_FILE = "CFL Viewer/Info.plist";
				INFOPLIST_KEY_UIApplicationSupportsIndirectInputEvents = YES;
				INFOPLIST_KEY_UILaunchStoryboardName = LaunchScreen;
				INFOPLIST_KEY_UISupportedInterfaceOrientations_iPad = "UIInterfaceOrientationPortrait UIInterfaceOrientationPortraitUpsideDown UIInterfaceOrientationLandscapeLeft UIInterfaceOrientationLandscapeRight";
				INFOPLIST_KEY_UISupportedInterfaceOrientations_iPhone = "UIInterfaceOrientationPortrait UIInterfaceOrientationLandscapeLeft UIInterfaceOrientationLandscapeRight";
				LD_RUNPATH_SEARCH_PATHS = (
					"$(inherited)",
					"@executable_path/Frameworks",
				);
				MARKETING_VERSION = 1.0;
				PRODUCT_BUNDLE_IDENTIFIER = "denny-task.CFL-Viewer";
				PRODUCT_NAME = "$(TARGET_NAME)";
				SWIFT_EMIT_LOC_STRINGS = YES;
				SWIFT_VERSION = 5.0;
				TARGETED_DEVICE_FAMILY = "1,2";
			};
			name = Debug;
		};
		B0429A4027E4A0CA0065E5E0 /* Release */ = {
			isa = XCBuildConfiguration;
			baseConfigurationReference = 65E4DE75FE5F6F0407D58F59 /* Pods-CFL Viewer.release.xcconfig */;
			buildSettings = {
				ASSETCATALOG_COMPILER_APPICON_NAME = AppIcon;
				ASSETCATALOG_COMPILER_GLOBAL_ACCENT_COLOR_NAME = AccentColor;
				CODE_SIGN_ENTITLEMENTS = "CFL Viewer/CFL Viewer.entitlements";
				CODE_SIGN_STYLE = Automatic;
				CURRENT_PROJECT_VERSION = 1;
				DEVELOPMENT_TEAM = B5KHBWJMRU;
				GENERATE_INFOPLIST_FILE = YES;
				INFOPLIST_FILE = "CFL Viewer/Info.plist";
				INFOPLIST_KEY_UIApplicationSupportsIndirectInputEvents = YES;
				INFOPLIST_KEY_UILaunchStoryboardName = LaunchScreen;
				INFOPLIST_KEY_UISupportedInterfaceOrientations_iPad = "UIInterfaceOrientationPortrait UIInterfaceOrientationPortraitUpsideDown UIInterfaceOrientationLandscapeLeft UIInterfaceOrientationLandscapeRight";
				INFOPLIST_KEY_UISupportedInterfaceOrientations_iPhone = "UIInterfaceOrientationPortrait UIInterfaceOrientationLandscapeLeft UIInterfaceOrientationLandscapeRight";
				LD_RUNPATH_SEARCH_PATHS = (
					"$(inherited)",
					"@executable_path/Frameworks",
				);
				MARKETING_VERSION = 1.0;
				PRODUCT_BUNDLE_IDENTIFIER = "denny-task.CFL-Viewer";
				PRODUCT_NAME = "$(TARGET_NAME)";
				SWIFT_EMIT_LOC_STRINGS = YES;
				SWIFT_VERSION = 5.0;
				TARGETED_DEVICE_FAMILY = "1,2";
			};
			name = Release;
		};
/* End XCBuildConfiguration section */

/* Begin XCConfigurationList section */
		B0429A2527E4A0C90065E5E0 /* Build configuration list for PBXProject "CFL Viewer" */ = {
			isa = XCConfigurationList;
			buildConfigurations = (
				B0429A3C27E4A0CA0065E5E0 /* Debug */,
				B0429A3D27E4A0CA0065E5E0 /* Release */,
			);
			defaultConfigurationIsVisible = 0;
			defaultConfigurationName = Release;
		};
		B0429A3E27E4A0CA0065E5E0 /* Build configuration list for PBXNativeTarget "CFL Viewer" */ = {
			isa = XCConfigurationList;
			buildConfigurations = (
				B0429A3F27E4A0CA0065E5E0 /* Debug */,
				B0429A4027E4A0CA0065E5E0 /* Release */,
			);
			defaultConfigurationIsVisible = 0;
			defaultConfigurationName = Release;
		};
/* End XCConfigurationList section */
	};
	rootObject = B0429A2227E4A0C90065E5E0 /* Project object */;
}
